dependencies:
- name: argo-cd
  repository: https://argoproj.github.io/argo-helm
  version: 8.0.9
- name: cert-manager
  repository: https://charts.jetstack.io
  version: v1.17.2
digest: sha256:281304f045b3d36d12b1ca03aec669dda99533b33ffa897bcfb062e844e844fa
generated: "2025-05-24T15:40:48.6622953+01:00"
