dependencies:
- name: argo-cd
  repository: https://argoproj.github.io/argo-helm
  version: 8.0.9
- name: cert-manager
  repository: https://charts.jetstack.io
  version: v1.17.2
- name: apisix-ingress-controller
  repository: https://charts.apiseven.com
  version: 0.14.0
digest: sha256:91fd5638a6e74d6ed1d50c0a8aa55d6f62993b86b334ad958f05ea7f3afbc2bc
generated: "2025-05-24T15:23:27.4346568+01:00"
