dependencies:
- name: argo-cd
  repository: ""
  version: 8.0.9
- name: cert-manager
  repository: https://charts.jetstack.io
  version: v1.17.2
- name: kurrentdb-operator
  repository: ""
  version: 1.1.0
digest: sha256:3f6ebf875d84c673dee3d53b7011e12e07ef8bde20858b63cdab4410cb0bafd6
generated: "2025-05-24T13:45:02.6506816+01:00"
